
Microsoft Visual Studio Solution File, Format Version 12.00
# Visual Studio Version 16
VisualStudioVersion = 16.0.29613.14
MinimumVisualStudioVersion = 10.0.40219.1
Project("{FAE04EC0-301F-11D3-BF4B-00C04F79EFBC}") = "Duplicate Seeker", "Duplicate Seeker\Duplicate Seeker.csproj", "{31245215-2C8E-43EC-B049-EE2145267E59}"
EndProject
Global
	GlobalSection(SolutionConfigurationPlatforms) = preSolution
		Debug|Any CPU = Debug|Any CPU
		Release|Any CPU = Release|Any CPU
	EndGlobalSection
	GlobalSection(ProjectConfigurationPlatforms) = postSolution
		{31245215-2C8E-43EC-B049-EE2145267E59}.Debug|Any CPU.ActiveCfg = Debug|Any CPU
		{31245215-2C8E-43EC-B049-EE2145267E59}.Debug|Any CPU.Build.0 = Debug|Any CPU
		{31245215-2C8E-43EC-B049-EE2145267E59}.Release|Any CPU.ActiveCfg = Release|Any CPU
		{31245215-2C8E-43EC-B049-EE2145267E59}.Release|Any CPU.Build.0 = Release|Any CPU
	EndGlobalSection
	GlobalSection(SolutionProperties) = preSolution
		HideSolutionNode = FALSE
	EndGlobalSection
	GlobalSection(ExtensibilityGlobals) = postSolution
		SolutionGuid = {17704AA4-093F-4A23-A7C1-D46084190480}
	EndGlobalSection
EndGlobal
